#MicroXplorer Configuration settings - do not modify
Mcu.Family=STM32F4
ProjectManager.MainLocation=Src
USB_DEVICE.CLASS_NAME_FS=CDC
USART2.IPParameters=VirtualMode
RCC.CortexFreq_Value=72000000
NVIC.I2C1_EV_IRQn=true\:0\:0\:false\:false\:true\:true\:true
ProjectManager.KeepUserCode=true
Mcu.UserName=STM32F401VETx
PD9.GPIOParameters=GPIO_Label
SPI2.VirtualType=VM_MASTER
RCC.PLLCLKFreq_Value=72000000
RCC.PLLQCLKFreq_Value=48000000
PC7.Locked=true
ProjectManager.functionlistsort=1-MX_GPIO_Init-GPIO-false-HAL-true,2-SystemClock_Config-RCC-false-HAL-true,3-MX_I2C1_Init-I2C1-false-HAL-true,4-MX_SPI2_Init-SPI2-false-HAL-true,5-MX_USB_DEVICE_Init-USB_DEVICE-false-HAL-false,6-MX_USART2_UART_Init-USART2-false-HAL-true,7-MX_TIM3_Init-TIM3-false-HAL-true
PA9.GPIOParameters=PinState,GPIO_Label
PD8.Locked=true
PD0.GPIO_Label=Range_100x_A
PA11.Mode=Device_Only
RCC.RTCFreq_Value=32000
PD6.Locked=true
USB_DEVICE.VirtualMode-CDC_FS=Cdc
PD0.Locked=true
PD2.Locked=true
PD2.GPIOParameters=PinState,GPIO_Label
PB15.Signal=SPI2_MOSI
PB13.Signal=SPI2_SCK
PC15-OSC32_OUT.GPIO_Label=DIR_INT3_INT4
PinOutPanel.RotationAngle=0
RCC.SYSCLKSource=RCC_SYSCLKSOURCE_PLLCLK
ProjectManager.StackSize=0x1000
PB5.GPIOParameters=GPIO_Label
PD13.Signal=GPIO_Input
Mcu.IP4=SYS
RCC.FCLKCortexFreq_Value=72000000
Mcu.IP5=TIM3
PD13.Locked=true
I2C1.IPParameters=I2C_Mode
NVIC.SVCall_IRQn=true\:0\:0\:false\:false\:true\:false\:false
Mcu.IP2=RCC
Mcu.IP3=SPI2
Mcu.IP0=I2C1
Mcu.IP1=NVIC
PA12.Signal=USB_OTG_FS_DP
SPI2.CLKPolarity=SPI_POLARITY_HIGH
Mcu.UserConstants=
PD15.GPIOParameters=GPIO_Label
PH0\ -\ OSC_IN.Signal=RCC_OSC_IN
SH.S_TIM3_CH2.ConfNb=1
Mcu.ThirdPartyNb=0
RCC.HCLKFreq_Value=72000000
Mcu.IPNb=9
RCC.I2SClocksFreq_Value=96000000
ProjectManager.PreviousToolchain=SW4STM32
RCC.APB2TimFreq_Value=72000000
TIM3.Period=1000
PB6.Signal=I2C1_SCL
RCC.VcooutputI2S=96000000
PC7.Signal=S_TIM3_CH2
PB12.PinState=GPIO_PIN_SET
PD8.GPIOParameters=GPIO_Label
PB6.Mode=I2C
Mcu.Pin6=PE7
PD0.Signal=GPIO_Output
Mcu.Pin7=PE8
PD8.Signal=GPIO_Output
Mcu.Pin8=PE9
Mcu.Pin9=PB10
RCC.AHBFreq_Value=72000000
SPI2.BaudRatePrescaler=SPI_BAUDRATEPRESCALER_4
PB13.Locked=true
Mcu.Pin0=PC13-ANTI_TAMP
Mcu.Pin1=PC14-OSC32_IN
PD5.Mode=Asynchronous
TIM3.Channel-PWM\ Generation1\ CH1=TIM_CHANNEL_1
Mcu.Pin2=PC15-OSC32_OUT
Mcu.Pin3=PH0 - OSC_IN
Mcu.Pin4=PH1 - OSC_OUT
Mcu.Pin5=PB1
ProjectManager.ProjectBuild=false
RCC.HSE_VALUE=16000000
NVIC.UsageFault_IRQn=true\:0\:0\:false\:false\:true\:false\:false
NVIC.DebugMonitor_IRQn=true\:0\:0\:false\:false\:true\:false\:false
PC13-ANTI_TAMP.Signal=GPIO_Output
PD1.GPIOParameters=GPIO_Label
NVIC.SysTick_IRQn=true\:0\:0\:false\:false\:true\:false\:true
PD1.GPIO_Label=Range_100x_B
PB12.GPIO_Label=CS_up
ProjectManager.FirmwarePackage=STM32Cube FW_F4 V1.25.2
MxDb.Version=DB.6.0.10
ProjectManager.BackupPrevious=false
RCC.VCOInputFreq_Value=1000000
PE9.Signal=GPIO_Output
PE8.Locked=true
PE9.Locked=true
PB14.Mode=Full_Duplex_Master
TIM3.Prescaler=72
PB1.GPIO_Label=TEST_5
File.Version=6
PA10.GPIO_Label=SW1
PB7.Signal=I2C1_SDA
PB8.Locked=true
NVIC.PendSV_IRQn=true\:0\:0\:false\:false\:true\:false\:false
SH.S_TIM3_CH1.0=TIM3_CH1,PWM Generation1 CH1
ProjectManager.HalAssertFull=false
PC14-OSC32_IN.GPIOParameters=GPIO_Label
ProjectManager.ProjectName=_prj_MKI109V3
RCC.MCO2PinFreq_Value=72000000
PD13.GPIO_Label=INT3_up
Mcu.Package=LQFP100
PB9.Signal=GPIO_Output
PB1.Signal=GPIO_Output
SPI2.Mode=SPI_MODE_MASTER
SH.GPXTI8.0=GPIO_EXTI8
USART2.VirtualMode=VM_ASYNC
NVIC.OTG_FS_IRQn=true\:0\:0\:false\:false\:true\:false\:true
ProjectManager.ToolChainLocation=
PD14.Locked=true
RCC.LSI_VALUE=32000
VP_SYS_VS_Systick.Signal=SYS_VS_Systick
SH.GPXTI5.ConfNb=1
SH.GPXTI8.ConfNb=1
PA10.Signal=GPIO_Input
PB9.GPIO_PuPd=GPIO_NOPULL
USB_OTG_FS.VirtualMode=Device_Only
VP_USB_DEVICE_VS_USB_DEVICE_CDC_FS.Signal=USB_DEVICE_VS_USB_DEVICE_CDC_FS
SPI2.CLKPhase=SPI_PHASE_2EDGE
PB9.GPIO_Speed=GPIO_SPEED_FREQ_VERY_HIGH
PB5.GPIO_Label=INT2_up
RCC.APB1TimFreq_Value=72000000
NVIC.BusFault_IRQn=true\:0\:0\:false\:false\:true\:false\:false
TIM3.Pulse-PWM\ Generation2\ CH2=700
PC14-OSC32_IN.GPIO_Label=TEST_Adapter_Connected
SPI2.Direction=SPI_DIRECTION_2LINES
USB_OTG_FS.IPParameters=VirtualMode
PB10.GPIOParameters=GPIO_Label
PB13.Mode=Full_Duplex_Master
PE7.Signal=GPIO_Output
PC15-OSC32_OUT.GPIOParameters=GPIO_Label
PD6.Signal=USART2_RX
PD5.Locked=true
PD15.Signal=GPIO_Output
ProjectManager.CustomerFirmwarePackage=
VP_TIM3_VS_ClockSourceINT.Mode=Internal
PC14-OSC32_IN.Locked=true
PB15.Locked=true
PC13-ANTI_TAMP.GPIOParameters=PinState,GPIO_Label
SH.GPXTI5.0=GPIO_EXTI5
ProjectManager.ProjectFileName=_prj_MKI109V3.ioc
PE8.GPIOParameters=GPIO_Label
PD15.GPIO_Label=CTR_EN
PB8.GPIOParameters=GPIO_Label
PD9.GPIO_Label=DIR_GP
PB9.GPIO_Label=CS_A_up
Mcu.PinsNb=38
ProjectManager.NoMain=false
USB_DEVICE.VirtualModeFS=Cdc_FS
PC13-ANTI_TAMP.GPIO_Label=DIR_DEN_CS_A
PA9.GPIO_Label=USB_disc
PH1\ -\ OSC_OUT.Mode=HSE-External-Oscillator
PC6.Signal=S_TIM3_CH1
PD13.GPIOParameters=GPIO_Label
PD1.Signal=GPIO_Output
ProjectManager.DefaultFWLocation=true
PD9.Signal=GPIO_Output
PD5.Signal=USART2_TX
PB12.Locked=true
ProjectManager.DeletePrevious=true
PB14.Locked=true
RCC.APB1CLKDivider=RCC_HCLK_DIV2
PC14-OSC32_IN.Signal=GPIO_Input
PB10.Locked=true
PD6.Mode=Asynchronous
USB_DEVICE.IPParameters=VirtualMode-CDC_FS,VirtualModeFS,CLASS_NAME_FS
PC13-ANTI_TAMP.PinState=GPIO_PIN_SET
PE9.GPIOParameters=GPIO_Label
PD8.GPIO_Label=TEST_6
PB9.GPIOParameters=GPIO_Speed,PinState,GPIO_PuPd,GPIO_Label
PB8.GPIO_Label=INT1_up
PH0\ -\ OSC_IN.Mode=HSE-External-Oscillator
PC15-OSC32_OUT.Locked=true
TIM3.Pulse-PWM\ Generation1\ CH1=700
ProjectManager.TargetToolchain=STM32CubeIDE
PB10.GPIO_Label=SW2
PE7.GPIOParameters=GPIO_Label
I2C1.I2C_Mode=I2C_Fast
VP_USB_DEVICE_VS_USB_DEVICE_CDC_FS.Mode=CDC_FS
PE8.GPIO_Label=LED3
PC6.Locked=true
PA9.Signal=GPIO_Output
PB5.Locked=true
PB9.Locked=true
PA9.PinState=GPIO_PIN_RESET
SPI2.IPParameters=VirtualType,Mode,Direction,CLKPolarity,CLKPhase,BaudRatePrescaler
ProjectManager.RegisterCallBack=
VP_TIM3_VS_ClockSourceINT.Signal=TIM3_VS_ClockSourceINT
RCC.LSE_VALUE=32768
PC15-OSC32_OUT.Signal=GPIO_Output
PE9.GPIO_Label=LED1
PB12.GPIO_Speed=GPIO_SPEED_FREQ_VERY_HIGH
PB1.Locked=true
PB10.Signal=GPIO_Input
RCC.VCOI2SOutputFreq_Value=192000000
PB14.Signal=SPI2_MISO
SH.S_TIM3_CH2.0=TIM3_CH2,PWM Generation2 CH2
PD2.PinState=GPIO_PIN_SET
PH1\ -\ OSC_OUT.Signal=RCC_OSC_OUT
board=MKI109V3
RCC.VCOOutputFreq_Value=144000000
PC13-ANTI_TAMP.Locked=true
ProjectManager.LastFirmware=true
PB15.Mode=Full_Duplex_Master
RCC.APB2Freq_Value=72000000
MxCube.Version=6.1.0
Mcu.Pin37=VP_USB_DEVICE_VS_USB_DEVICE_CDC_FS
Mcu.Pin35=VP_SYS_VS_Systick
PE8.Signal=GPIO_Output
Mcu.Pin36=VP_TIM3_VS_ClockSourceINT
Mcu.Pin30=PB5
PA10.GPIOParameters=GPIO_Label
VP_SYS_VS_Systick.Mode=SysTick
Mcu.Pin33=PB8
TIM3.IPParameters=Channel-PWM Generation1 CH1,Channel-PWM Generation2 CH2,Prescaler,Period,Pulse-PWM Generation1 CH1,Pulse-PWM Generation2 CH2
Mcu.Pin34=PB9
Mcu.Pin31=PB6
Mcu.Pin32=PB7
PA9.Locked=true
NVIC.NonMaskableInt_IRQn=true\:0\:0\:false\:false\:true\:false\:false
PD14.GPIO_Label=INT4_up
PE7.Locked=true
ProjectManager.FreePins=false
RCC.IPParameters=48MHZClocksFreq_Value,AHBFreq_Value,APB1CLKDivider,APB1Freq_Value,APB1TimFreq_Value,APB2Freq_Value,APB2TimFreq_Value,CortexFreq_Value,FCLKCortexFreq_Value,HCLKFreq_Value,HSE_VALUE,HSI_VALUE,I2SClocksFreq_Value,LSE_VALUE,LSI_VALUE,MCO2PinFreq_Value,PLLCLKFreq_Value,PLLN,PLLQ,PLLQCLKFreq_Value,RTCFreq_Value,RTCHSEDivFreq_Value,SYSCLKFreq_VALUE,SYSCLKSource,VCOI2SOutputFreq_Value,VCOInputFreq_Value,VCOOutputFreq_Value,VcooutputI2S
ProjectManager.AskForMigrate=true
Mcu.Name=STM32F401V(D-E)Tx
PE7.GPIO_Label=LED2
Mcu.Pin26=PD1
Mcu.Pin27=PD2
RCC.RTCHSEDivFreq_Value=8000000
Mcu.Pin24=PA12
ProjectManager.UnderRoot=false
Mcu.Pin25=PD0
Mcu.IP8=USB_OTG_FS
PD14.Signal=GPIO_Input
Mcu.Pin28=PD5
Mcu.IP6=USART2
Mcu.Pin29=PD6
Mcu.IP7=USB_DEVICE
ProjectManager.CoupleFile=true
RCC.48MHZClocksFreq_Value=48000000
PD14.GPIOParameters=GPIO_Label
RCC.SYSCLKFreq_VALUE=72000000
PB5.Signal=GPXTI5
Mcu.Pin22=PA10
Mcu.Pin23=PA11
Mcu.Pin20=PC7
Mcu.Pin21=PA9
PA12.Mode=Device_Only
PA10.Locked=true
NVIC.ForceEnableDMAVector=true
KeepUserPlacement=false
NVIC.MemoryManagement_IRQn=true\:0\:0\:false\:false\:true\:false\:false
ProjectManager.CompilerOptimize=6
PB9.PinState=GPIO_PIN_SET
PD15.Locked=true
PB7.Mode=I2C
PA11.Signal=USB_OTG_FS_DM
NVIC.EXTI9_5_IRQn=true\:0\:0\:false\:false\:true\:true\:true
ProjectManager.HeapSize=0x1000
Mcu.Pin15=PD9
NVIC.HardFault_IRQn=true\:0\:0\:false\:false\:true\:false\:false
Mcu.Pin16=PD13
Mcu.Pin13=PB15
Mcu.Pin14=PD8
Mcu.Pin19=PC6
SH.S_TIM3_CH1.ConfNb=1
ProjectManager.ComputerToolchain=false
Mcu.Pin17=PD14
RCC.HSI_VALUE=16000000
Mcu.Pin18=PD15
RCC.PLLQ=3
NVIC.PriorityGroup=NVIC_PRIORITYGROUP_4
Mcu.Pin11=PB13
TIM3.Channel-PWM\ Generation2\ CH2=TIM_CHANNEL_2
PD0.GPIOParameters=GPIO_Label
Mcu.Pin12=PB14
RCC.PLLN=144
Mcu.Pin10=PB12
PB8.Signal=GPXTI8
PD2.Signal=GPIO_Output
PD9.Locked=true
RCC.APB1Freq_Value=36000000
PD1.Locked=true
ProjectManager.DeviceId=STM32F401VETx
PB12.GPIOParameters=GPIO_Speed,PinState,GPIO_Label
PB12.Signal=GPIO_Output
PD2.GPIO_Label=CTR_EN_I2C_SD
ProjectManager.LibraryCopy=1
PB1.GPIOParameters=GPIO_Label
