#MicroXplorer Configuration settings - do not modify
Mcu.Family=STM32F4
ProjectManager.MainLocation=Src
USART2.IPParameters=VirtualMode
RCC.CortexFreq_Value=100000000
ProjectManager.KeepUserCode=true
Mcu.UserName=STM32F411RETx
RCC.PLLCLKFreq_Value=100000000
PA14.GPIO_Label=TCK
RCC.PLLQCLKFreq_Value=50000000
ProjectManager.functionlistsort=1-MX_GPIO_Init-GPIO-false-HAL-true,2-MX_USART2_UART_Init-USART2-false-HAL-true,3-MX_I2C1_Init-I2C1-false-HAL-true,4-SystemClock_Config-RCC-false-HAL-true
PC0.GPIOParameters=GPIO_Label
PC0.GPIO_Label=M_INT1
RCC.RTCFreq_Value=32000
PA3.GPIOParameters=GPIO_Label
PB0.GPIO_Label=JP10
PC1.Locked=true
PA2.GPIOParameters=GPIO_Label
PinOutPanel.RotationAngle=0
RCC.SYSCLKSource=RCC_SYSCLKSOURCE_PLLCLK
ProjectManager.StackSize=0x400
PB5.GPIOParameters=GPIO_Label
SH.GPXTI13.0=GPIO_EXTI13
Mcu.IP4=USART2
RCC.FCLKCortexFreq_Value=100000000
I2C1.IPParameters=I2C_Mode
NVIC.SVCall_IRQn=true\:0\:0\:false\:false\:true\:true\:false
Mcu.IP2=RCC
Mcu.IP3=SYS
PB4.GPIOParameters=GPIO_Label
Mcu.IP0=I2C1
Mcu.IP1=NVIC
Mcu.UserConstants=
PH0\ -\ OSC_IN.Signal=RCC_OSC_IN
PC1.GPIOParameters=GPIO_Label
SH.GPXTI13.ConfNb=1
Mcu.ThirdPartyNb=0
PH0\ -\ OSC_IN.Locked=true
RCC.HCLKFreq_Value=100000000
Mcu.IPNb=5
RCC.I2SClocksFreq_Value=48000000
ProjectManager.PreviousToolchain=SW4STM32
RCC.APB2TimFreq_Value=100000000
RCC.VcooutputI2S=48000000
Mcu.Pin6=PC1
Mcu.Pin7=PA2
Mcu.Pin8=PA3
Mcu.Pin9=PA4
RCC.AHBFreq_Value=100000000
Mcu.Pin0=PC13-ANTI_TAMP
Mcu.Pin1=PC14-OSC32_IN
Mcu.Pin2=PC15-OSC32_OUT
Mcu.Pin3=PH0 - OSC_IN
Mcu.Pin4=PH1 - OSC_OUT
Mcu.Pin5=PC0
ProjectManager.ProjectBuild=false
RCC.HSE_VALUE=8000000
NVIC.UsageFault_IRQn=true\:0\:0\:false\:false\:false\:true\:false
NVIC.DebugMonitor_IRQn=true\:0\:0\:false\:false\:false\:true\:false
PA4.Locked=true
PC13-ANTI_TAMP.Signal=GPXTI13
NVIC.SysTick_IRQn=true\:0\:0\:false\:false\:true\:true\:true
ProjectManager.FirmwarePackage=STM32Cube FW_F4 V1.25.2
MxDb.Version=DB.6.0.10
PB0.GPIOParameters=GPIO_Label
ProjectManager.BackupPrevious=false
RCC.VCOInputFreq_Value=2000000
File.Version=6
PB3.GPIOParameters=GPIO_Label
PB8.Locked=true
NVIC.PendSV_IRQn=true\:0\:0\:false\:false\:true\:true\:false
ProjectManager.HalAssertFull=false
PB0.Locked=true
ProjectManager.ProjectName=_prj_NucleoF411
RCC.FLatency-AdvancedSettings=FLASH_LATENCY_3
PA13.GPIOParameters=GPIO_Label
RCC.MCO2PinFreq_Value=100000000
Mcu.Package=LQFP64
PB9.Signal=I2C1_SDA
PA5.Locked=true
USART2.VirtualMode=VM_ASYNC
PA14.Locked=true
ProjectManager.ToolChainLocation=
PA2.GPIO_Label=USART_TX
RCC.LSI_VALUE=32000
SH.GPXTI0.0=GPIO_EXTI0
VP_SYS_VS_Systick.Signal=SYS_VS_Systick
SH.GPXTI5.ConfNb=1
PA5.GPIOParameters=GPIO_Label
PB5.GPIO_Label=LSM6DSM_INT1
RCC.APB1TimFreq_Value=50000000
NVIC.BusFault_IRQn=true\:0\:0\:false\:false\:false\:true\:false
PA4.GPIO_Label=JP9
ProjectManager.CustomerFirmwarePackage=
PC14-OSC32_IN.Locked=true
PB3.Locked=true
PB4.Signal=GPIO_Input
PA3.Signal=USART2_RX
PC13-ANTI_TAMP.GPIOParameters=GPIO_Label,GPIO_ModeDefaultEXTI
PA2.Locked=true
PB3.GPIO_Label=SWO
RCC.PLLSourceVirtual=RCC_PLLSOURCE_HSE
NVIC.EXTI4_IRQn=true\:0\:0\:false\:false\:true\:true\:true
SH.GPXTI5.0=GPIO_EXTI5
ProjectManager.ProjectFileName=_prj_NucleoF411.ioc
Mcu.PinsNb=20
ProjectManager.NoMain=false
PC13-ANTI_TAMP.GPIO_Label=B1 [Blue PushButton]
PH1\ -\ OSC_OUT.Mode=HSE-External-Oscillator
SH.GPXTI0.ConfNb=1
ProjectManager.DefaultFWLocation=true
ProjectManager.DeletePrevious=true
PC0.Signal=GPIO_Input
RCC.APB1CLKDivider=RCC_HCLK_DIV4
PC14-OSC32_IN.Signal=RCC_OSC32_IN
boardIOC=true
NVIC.USART2_IRQn=true\:0\:0\:false\:true\:true\:1\:true\:true
PH1\ -\ OSC_OUT.Locked=true
RCC.FamilyName=M
PA13.Signal=SYS_JTMS-SWDIO
PA3.Mode=Asynchronous
PH0\ -\ OSC_IN.Mode=HSE-External-Oscillator
PC15-OSC32_OUT.Locked=true
ProjectManager.TargetToolchain=STM32CubeIDE
I2C1.I2C_Mode=I2C_Fast
PB9.Mode=I2C
PB5.Locked=true
PB9.Locked=true
RCC.VCOInputMFreq_Value=500000
ProjectManager.RegisterCallBack=
RCC.LSE_VALUE=32768
PC15-OSC32_OUT.Signal=RCC_OSC32_OUT
RCC.VCOI2SOutputFreq_Value=96000000
PA5.Signal=GPIO_Output
PH1\ -\ OSC_OUT.Signal=RCC_OSC_OUT
board=NUCLEO-F411RE
RCC.VCOOutputFreq_Value=200000000
PC13-ANTI_TAMP.Locked=true
ProjectManager.LastFirmware=true
RCC.APB2Freq_Value=100000000
MxCube.Version=6.1.0
PB4.GPIO_Label=LSM6DSM_INT2
PC1.GPIO_Label=M_INT2
VP_SYS_VS_Systick.Mode=SysTick
RCC.EthernetFreq_Value=100000000
NVIC.NonMaskableInt_IRQn=true\:0\:0\:false\:false\:false\:true\:false
PA4.GPIOParameters=GPIO_Label
ProjectManager.FreePins=true
RCC.IPParameters=48MHZClocksFreq_Value,AHBFreq_Value,APB1CLKDivider,APB1Freq_Value,APB1TimFreq_Value,APB2Freq_Value,APB2TimFreq_Value,CortexFreq_Value,EthernetFreq_Value,FCLKCortexFreq_Value,FLatency-AdvancedSettings,FamilyName,HCLKFreq_Value,HSE_VALUE,HSI_VALUE,I2SClocksFreq_Value,LSE_VALUE,LSI_VALUE,MCO2PinFreq_Value,PLLCLKFreq_Value,PLLM,PLLN,PLLQCLKFreq_Value,PLLSourceVirtual,RTCFreq_Value,RTCHSEDivFreq_Value,SYSCLKFreq_VALUE,SYSCLKSource,VCOI2SOutputFreq_Value,VCOInputFreq_Value,VCOInputMFreq_Value,VCOOutputFreq_Value,VcooutputI2S
ProjectManager.AskForMigrate=true
Mcu.Name=STM32F411R(C-E)Tx
RCC.RTCHSEDivFreq_Value=4000000
PA13.GPIO_Label=TMS
PA2.Signal=USART2_TX
ProjectManager.UnderRoot=false
ProjectManager.CoupleFile=true
RCC.48MHZClocksFreq_Value=50000000
PB4.Locked=true
PB3.Signal=SYS_JTDO-SWO
PA4.Signal=GPXTI4
RCC.SYSCLKFreq_VALUE=100000000
PB5.Signal=GPXTI5
PA3.Locked=true
SH.GPXTI4.0=GPIO_EXTI4
PA5.GPIO_Label=LD2 [Green Led]
NVIC.ForceEnableDMAVector=true
KeepUserPlacement=true
PA14.GPIOParameters=GPIO_Label
NVIC.MemoryManagement_IRQn=true\:0\:0\:false\:false\:false\:true\:false
PA13.Locked=true
ProjectManager.CompilerOptimize=6
PC13-ANTI_TAMP.GPIO_ModeDefaultEXTI=GPIO_MODE_EVT_RISING
NVIC.EXTI9_5_IRQn=true\:0\:0\:false\:false\:true\:true\:true
PA14.Signal=SYS_JTCK-SWCLK
ProjectManager.HeapSize=0x200
Mcu.Pin15=PB4
NVIC.HardFault_IRQn=true\:0\:0\:false\:false\:false\:true\:false
Mcu.Pin16=PB5
SH.GPXTI4.ConfNb=1
Mcu.Pin13=PA14
Mcu.Pin14=PB3
Mcu.Pin19=VP_SYS_VS_Systick
ProjectManager.ComputerToolchain=false
Mcu.Pin17=PB8
RCC.HSI_VALUE=16000000
Mcu.Pin18=PB9
NVIC.PriorityGroup=NVIC_PRIORITYGROUP_0
Mcu.Pin11=PB0
Mcu.Pin12=PA13
RCC.PLLM=4
PB8.Mode=I2C
RCC.PLLN=100
Mcu.Pin10=PA5
PA2.Mode=Asynchronous
PB8.Signal=I2C1_SCL
RCC.APB1Freq_Value=25000000
PB0.Signal=GPXTI0
PC0.Locked=true
ProjectManager.DeviceId=STM32F411RETx
PC1.Signal=GPIO_Input
ProjectManager.LibraryCopy=1
PA3.GPIO_Label=USART_RX
