#MicroXplorer Configuration settings - do not modify
BOOTPATH.BootPathName=LEGACY
BOOTPATH.IPParameters=BootPathName
BOOTPATH.UserSelectedBootPath=LEGACY
CAD.formats=
CAD.pinconfig=
CAD.provider=
CORTEX_M33_NS.userName=CORTEX_M33
DAC1.DAC_Channel-DAC_OUT1=DAC_CHANNEL_1
DAC1.DAC_Channel-DAC_OUT2=DAC_CHANNEL_2
DAC1.IPParameters=DAC_Channel-DAC_OUT1,DAC_Channel-DAC_OUT2
File.Version=6
GPDMA1.CIRCULARMODE_GPDMACH0=ENABLE
GPDMA1.DESTDATAWIDTH_GPDMACH0=DMA_DEST_DATAWIDTH_HALFWORD
GPDMA1.DESTINC_GPDMACH0=DMA_DINC_INCREMENTED
GPDMA1.IPHANDLE_GPDMACH0-SIMPLEREQUEST_GPDMACH0=__NULL
GPDMA1.IPParameters=CIRCULARMODE_GPDMACH0,IPHANDLE_GPDMACH0-SIMPLEREQUEST_GPDMACH0,REQUEST_GPDMACH0,SRCDATAWIDTH_GPDMACH0,DESTINC_GPDMACH0,DESTDATAWIDTH_GPDMACH0
GPDMA1.REQUEST_GPDMACH0=GPDMA1_REQUEST_SAI1_B
GPDMA1.SRCDATAWIDTH_GPDMACH0=DMA_SRC_DATAWIDTH_HALFWORD
GPIO.groupedBy=Group By Peripherals
I2C4.I2C_Speed_Mode=I2C_Fast_Plus
I2C4.IPParameters=Timing,I2C_Speed_Mode
I2C4.Timing=0x00C035A6
I3C1.BusFreeDuration=402
I3C1.DutyCycleI3C=50
I3C1.FrequencyI3C=12500
I3C1.IPParameters=SCLODLowDuration,SCLPPLowDuration,SCLI3CHighDuration,Register0,SDAHoldTime,BusFreeDuration,hexBusIdleDuration,hexBusFreeDuration,Register1,SCL_OD_Freq,SCL_PP_Freq,FrequencyI3C,DutyCycleI3C
I3C1.Register0=0x00590909
I3C1.Register1=0x103200f8
I3C1.SCLI3CHighDuration=0x09
I3C1.SCLODLowDuration=0x59
I3C1.SCLPPLowDuration=0x09
I3C1.SCL_OD_Freq=2500
I3C1.SCL_PP_Freq=12500
I3C1.SDAHoldTime=HAL_I3C_SDA_HOLD_TIME_1_5
I3C1.hexBusFreeDuration=0x32
I3C1.hexBusIdleDuration=0xf8
KeepUserPlacement=false
MMTAppReg1.MEMORYMAP.AP=RW_priv_only
MMTAppReg1.MEMORYMAP.AppRegionName=RAM
MMTAppReg1.MEMORYMAP.ContextName=CortexM33
MMTAppReg1.MEMORYMAP.CoreName=ARM Cortex-M33
MMTAppReg1.MEMORYMAP.DefaultDataRegion=true
MMTAppReg1.MEMORYMAP.IPParameters=StartAddress,Size,CoreName,DefaultDataRegion,ContextName,Name,AP
MMTAppReg1.MEMORYMAP.Name=RAM
MMTAppReg1.MEMORYMAP.Size=655360
MMTAppReg1.MEMORYMAP.StartAddress=0x20000000
MMTAppReg2.MEMORYMAP.AppRegionName=RAM Reserved Alias Region
MMTAppReg2.MEMORYMAP.CoreName=ARM Cortex-M33
MMTAppReg2.MEMORYMAP.DefaultDataRegion=false
MMTAppReg2.MEMORYMAP.IPParameters=StartAddress,Size,CoreName,DefaultDataRegion,ReservedRegion,Name
MMTAppReg2.MEMORYMAP.Name=RAM Reserved Alias Region
MMTAppReg2.MEMORYMAP.ReservedRegion=true
MMTAppReg2.MEMORYMAP.Size=655360
MMTAppReg2.MEMORYMAP.StartAddress=0x0A000000
MMTAppReg3.MEMORYMAP.AP=RO_priv_only
MMTAppReg3.MEMORYMAP.AppRegionName=FLASH
MMTAppReg3.MEMORYMAP.Cacheability=WTRA
MMTAppReg3.MEMORYMAP.ContextName=CortexM33
MMTAppReg3.MEMORYMAP.CoreName=ARM Cortex-M33
MMTAppReg3.MEMORYMAP.DefaultCodeRegion=true
MMTAppReg3.MEMORYMAP.DefaultDataRegion=false
MMTAppReg3.MEMORYMAP.IPParameters=StartAddress,Size,CoreName,DefaultDataRegion,MemType,ContextName,Name,AP,Cacheability,DefaultCodeRegion
MMTAppReg3.MEMORYMAP.MemType=ROM
MMTAppReg3.MEMORYMAP.Name=FLASH
MMTAppReg3.MEMORYMAP.Size=2097152
MMTAppReg3.MEMORYMAP.StartAddress=0x08000000
MMTAppRegionsCount=3
MMTConfigApplied=false
Mcu.CPN=STM32H563ZIT6
Mcu.ContextProject=TrustZoneDisabled
Mcu.Family=STM32H5
Mcu.IP0=BOOTPATH
Mcu.IP1=CORTEX_M33_NS
Mcu.IP10=RCC
Mcu.IP11=SAI1
Mcu.IP12=SPI1
Mcu.IP13=SPI6
Mcu.IP14=SYS
Mcu.IP15=TIM2
Mcu.IP16=TIM5
Mcu.IP17=TIM6
Mcu.IP18=USART2
Mcu.IP19=USB
Mcu.IP2=DAC1
Mcu.IP3=GPDMA1
Mcu.IP4=I2C4
Mcu.IP5=I3C1
Mcu.IP6=ICACHE
Mcu.IP7=MEMORYMAP
Mcu.IP8=NVIC
Mcu.IP9=PWR
Mcu.IPNb=20
Mcu.Name=STM32H563ZITx
Mcu.Package=LQFP144
Mcu.Pin0=PE2
Mcu.Pin1=PC13
Mcu.Pin10=PA2
Mcu.Pin11=PA3
Mcu.Pin12=PA4
Mcu.Pin13=PA5
Mcu.Pin14=PB2
Mcu.Pin15=PF15
Mcu.Pin16=PG0
Mcu.Pin17=PG1
Mcu.Pin18=PE12
Mcu.Pin19=PE13
Mcu.Pin2=PC14-OSC32_IN(OSC32_IN)
Mcu.Pin20=PE14
Mcu.Pin21=PE15
Mcu.Pin22=PD8
Mcu.Pin23=PD9
Mcu.Pin24=PD11
Mcu.Pin25=PD12
Mcu.Pin26=PD13
Mcu.Pin27=PD14
Mcu.Pin28=PD15
Mcu.Pin29=PG2
Mcu.Pin3=PC15-OSC32_OUT(OSC32_OUT)
Mcu.Pin30=PG3
Mcu.Pin31=PG4
Mcu.Pin32=PG5
Mcu.Pin33=PG6
Mcu.Pin34=PG7
Mcu.Pin35=PG8
Mcu.Pin36=PA11
Mcu.Pin37=PA12
Mcu.Pin38=PA13(JTMS/SWDIO)
Mcu.Pin39=PA14(JTCK/SWCLK)
Mcu.Pin4=PF6
Mcu.Pin40=PA15(JTDI)
Mcu.Pin41=PD5
Mcu.Pin42=PD6
Mcu.Pin43=PD7
Mcu.Pin44=PG9
Mcu.Pin45=PG10
Mcu.Pin46=PG11
Mcu.Pin47=PG12
Mcu.Pin48=PG13
Mcu.Pin49=PG14
Mcu.Pin5=PF7
Mcu.Pin50=PG15
Mcu.Pin51=PB3(JTDO/TRACESWO)
Mcu.Pin52=PB4(NJTRST)
Mcu.Pin53=PB8
Mcu.Pin54=PB9
Mcu.Pin55=PE0
Mcu.Pin56=VP_CORTEX_M33_NS_VS_Hclk
Mcu.Pin57=VP_GPDMA1_VS_GPDMACH0
Mcu.Pin58=VP_ICACHE_VS_ICACHE
Mcu.Pin59=VP_PWR_VS_SECSignals
Mcu.Pin6=PF8
Mcu.Pin60=VP_PWR_VS_LPOM
Mcu.Pin61=VP_PWR_VS_DBSignals
Mcu.Pin62=VP_SYS_VS_Systick
Mcu.Pin63=VP_TIM2_VS_ClockSourceINT
Mcu.Pin64=VP_TIM5_VS_ClockSourceINT
Mcu.Pin65=VP_TIM6_VS_ClockSourceINT
Mcu.Pin66=VP_BOOTPATH_VS_BOOTPATH
Mcu.Pin67=VP_MEMORYMAP_VS_MEMORYMAP
Mcu.Pin7=PF9
Mcu.Pin8=PH0-OSC_IN(PH0)
Mcu.Pin9=PH1-OSC_OUT(PH1)
Mcu.PinsNb=68
Mcu.ThirdPartyNb=0
Mcu.UserConstants=
Mcu.UserName=STM32H563ZITx
MxCube.Version=6.15.0
MxDb.Version=DB.6.0.150
NVIC.BusFault_IRQn=true\:0\:0\:false\:false\:true\:false\:false\:false
NVIC.DebugMonitor_IRQn=true\:0\:0\:false\:false\:true\:false\:false\:false
NVIC.EXTI12_IRQn=true\:1\:0\:true\:false\:true\:true\:true\:true
NVIC.EXTI13_IRQn=true\:1\:0\:true\:false\:true\:true\:true\:true
NVIC.EXTI14_IRQn=true\:1\:0\:true\:false\:true\:true\:true\:true
NVIC.EXTI15_IRQn=true\:1\:0\:true\:false\:true\:true\:true\:true
NVIC.ForceEnableDMAVector=true
NVIC.GPDMA1_Channel0_IRQn=true\:1\:0\:true\:false\:true\:false\:true\:true
NVIC.HardFault_IRQn=true\:0\:0\:false\:false\:true\:false\:false\:false
NVIC.I3C1_EV_IRQn=true\:0\:0\:false\:false\:true\:true\:true\:true
NVIC.MemoryManagement_IRQn=true\:0\:0\:false\:false\:true\:false\:false\:false
NVIC.NonMaskableInt_IRQn=true\:0\:0\:false\:false\:true\:false\:false\:false
NVIC.PendSV_IRQn=true\:0\:0\:false\:false\:true\:false\:false\:false
NVIC.PriorityGroup=NVIC_PRIORITYGROUP_4
NVIC.SAI1_IRQn=true\:1\:0\:true\:false\:true\:true\:true\:true
NVIC.SVCall_IRQn=true\:0\:0\:false\:false\:true\:false\:false\:false
NVIC.SysTick_IRQn=true\:15\:0\:false\:false\:true\:false\:true\:false
NVIC.TIM2_IRQn=true\:0\:0\:false\:false\:true\:true\:true\:true
NVIC.USB_DRD_FS_IRQn=true\:0\:0\:false\:false\:true\:true\:true\:true
NVIC.UsageFault_IRQn=true\:0\:0\:false\:false\:true\:false\:false\:false
PA11.Locked=true
PA11.Mode=Device
PA11.Signal=USB_DM
PA12.Locked=true
PA12.Mode=Device
PA12.Signal=USB_DP
PA13(JTMS/SWDIO).Locked=true
PA13(JTMS/SWDIO).Signal=DEBUG_JTMS-SWDIO
PA14(JTCK/SWCLK).Locked=true
PA14(JTCK/SWCLK).Signal=DEBUG_JTCK-SWCLK
PA15(JTDI).Locked=true
PA15(JTDI).Signal=DEBUG_JTDI
PA2.GPIOParameters=GPIO_Speed
PA2.GPIO_Speed=GPIO_SPEED_FREQ_LOW
PA2.Locked=true
PA2.Mode=Asynchronous
PA2.Signal=USART2_TX
PA3.GPIOParameters=GPIO_Speed
PA3.GPIO_Speed=GPIO_SPEED_FREQ_LOW
PA3.Locked=true
PA3.Mode=Asynchronous
PA3.Signal=USART2_RX
PA4.Locked=true
PA4.Signal=COMP_DAC11_group
PA5.Locked=true
PA5.Signal=COMP_DAC12_group
PB2.GPIOParameters=PinState,GPIO_Label
PB2.GPIO_Label=EEPROM_WC
PB2.Locked=true
PB2.PinState=GPIO_PIN_SET
PB2.Signal=GPIO_Output
PB3(JTDO/TRACESWO).Locked=true
PB3(JTDO/TRACESWO).Signal=DEBUG_JTDO-SWO
PB4(NJTRST).Locked=true
PB8.Locked=true
PB8.Mode=Controller
PB8.Signal=I3C1_SCL
PB9.Locked=true
PB9.Mode=Controller
PB9.Signal=I3C1_SDA
PC13.GPIOParameters=GPIO_Label
PC13.GPIO_Label=TEST_6
PC13.Locked=true
PC13.Signal=GPIO_Output
PC14-OSC32_IN(OSC32_IN).Mode=LSE-External-Oscillator
PC14-OSC32_IN(OSC32_IN).Signal=RCC_OSC32_IN
PC15-OSC32_OUT(OSC32_OUT).Mode=LSE-External-Oscillator
PC15-OSC32_OUT(OSC32_OUT).Signal=RCC_OSC32_OUT
PD11.GPIOParameters=GPIO_Label
PD11.GPIO_Label=SW1
PD11.Locked=true
PD11.Signal=GPIO_Input
PD12.GPIOParameters=GPIO_Label
PD12.GPIO_Label=INT1_uP
PD12.Locked=true
PD12.Signal=GPXTI12
PD13.GPIOParameters=GPIO_Label
PD13.GPIO_Label=INT2_uP
PD13.Locked=true
PD13.Signal=GPXTI13
PD14.GPIOParameters=GPIO_Label
PD14.GPIO_Label=INT3_uP
PD14.Locked=true
PD14.Signal=GPXTI14
PD15.GPIOParameters=GPIO_Label
PD15.GPIO_Label=INT4_uP
PD15.Locked=true
PD15.Signal=GPXTI15
PD5.GPIOParameters=GPIO_Label
PD5.GPIO_Label=MUX_Power_ON
PD5.Locked=true
PD5.Signal=GPIO_Output
PD6.GPIOParameters=PinState,GPIO_Label
PD6.GPIO_Label=DIL24_SPIx6_CS
PD6.Locked=true
PD6.PinState=GPIO_PIN_SET
PD6.Signal=GPIO_Output
PD7.GPIOParameters=GPIO_Speed
PD7.GPIO_Speed=GPIO_SPEED_FREQ_LOW
PD7.Locked=true
PD7.Mode=Full_Duplex_Master
PD7.Signal=SPI1_MOSI
PD8.GPIOParameters=GPIO_Label
PD8.GPIO_Label=DIR_INT3_INT4
PD8.Locked=true
PD8.Signal=GPIO_Output
PD9.GPIOParameters=PinState,GPIO_Label
PD9.GPIO_Label=DIR_INT1_INT2
PD9.Locked=true
PD9.PinState=GPIO_PIN_RESET
PD9.Signal=GPIO_Output
PE0.GPIOParameters=GPIO_Label
PE0.GPIO_Label=SW2
PE0.Locked=true
PE0.Signal=GPIO_Input
PE12.GPIOParameters=GPIO_Label
PE12.GPIO_Label=OE_INT
PE12.Locked=true
PE12.Signal=GPIO_Output
PE13.GPIOParameters=GPIO_Label
PE13.GPIO_Label=LED2
PE13.Locked=true
PE13.Signal=GPIO_Output
PE14.GPIOParameters=GPIO_Label
PE14.GPIO_Label=LED1
PE14.Locked=true
PE14.Signal=GPIO_Output
PE15.GPIOParameters=GPIO_Label
PE15.GPIO_Label=LED3
PE15.Locked=true
PE15.Signal=GPIO_Output
PE2.Locked=true
PE2.Signal=SAI1_MCLK_A
PF15.Locked=true
PF15.Mode=I2C
PF15.Signal=I2C4_SDA
PF6.GPIOParameters=GPIO_Speed
PF6.GPIO_Speed=GPIO_SPEED_FREQ_LOW
PF6.Locked=true
PF6.Mode=SAI_B_Master
PF6.Signal=SAI1_SD_B
PF7.GPIOParameters=GPIO_Label
PF7.GPIO_Label=I2C_pullups
PF7.Locked=true
PF7.Signal=GPIO_Output
PF8.GPIOParameters=GPIO_Speed
PF8.GPIO_Speed=GPIO_SPEED_FREQ_LOW
PF8.Locked=true
PF8.Mode=SAI_B_Master
PF8.Signal=SAI1_SCK_B
PF9.GPIOParameters=GPIO_Speed
PF9.GPIO_Speed=GPIO_SPEED_FREQ_LOW
PF9.Locked=true
PF9.Mode=SAI_B_Master
PF9.Signal=SAI1_FS_B
PG0.GPIOParameters=PinState,GPIO_Label
PG0.GPIO_Label=SAI_MCLK_FS_OE
PG0.Locked=true
PG0.PinState=GPIO_PIN_SET
PG0.Signal=GPIO_Output
PG1.GPIOParameters=GPIO_Label
PG1.GPIO_Label=SAI_MCLK_DIR
PG1.Locked=true
PG1.Signal=GPIO_Output
PG10.GPIOParameters=PinState,GPIO_Label
PG10.GPIO_Label=SPI1_NSS
PG10.Locked=true
PG10.PinState=GPIO_PIN_SET
PG10.Signal=GPIO_Output
PG11.GPIOParameters=GPIO_Speed
PG11.GPIO_Speed=GPIO_SPEED_FREQ_LOW
PG11.Locked=true
PG11.Mode=Full_Duplex_Master
PG11.Signal=SPI1_SCK
PG12.GPIOParameters=GPIO_Speed
PG12.GPIO_Speed=GPIO_SPEED_FREQ_LOW
PG12.Locked=true
PG12.Mode=Full_Duplex_Master
PG12.Signal=SPI6_MISO
PG13.GPIOParameters=GPIO_Speed
PG13.GPIO_Speed=GPIO_SPEED_FREQ_LOW
PG13.Locked=true
PG13.Mode=Full_Duplex_Master
PG13.Signal=SPI6_SCK
PG14.GPIOParameters=GPIO_Speed
PG14.GPIO_Speed=GPIO_SPEED_FREQ_LOW
PG14.Locked=true
PG14.Mode=Full_Duplex_Master
PG14.Signal=SPI6_MOSI
PG15.GPIOParameters=GPIO_Label
PG15.GPIO_Label=GP_up
PG15.Locked=true
PG15.Signal=GPIO_Output
PG2.GPIOParameters=PinState,GPIO_Label
PG2.GPIO_Label=SAI_SCK_SD_OE
PG2.Locked=true
PG2.PinState=GPIO_PIN_SET
PG2.Signal=GPIO_Output
PG3.GPIOParameters=GPIO_Label
PG3.GPIO_Label=CTR_EN
PG3.Locked=true
PG3.Signal=GPIO_Output
PG4.GPIOParameters=PinState,GPIO_Label
PG4.GPIO_Label=DIR_DEN_CS_A
PG4.Locked=true
PG4.PinState=GPIO_PIN_SET
PG4.Signal=GPIO_Output
PG5.GPIOParameters=PinState,GPIO_Label
PG5.GPIO_Label=DIR_GP
PG5.Locked=true
PG5.PinState=GPIO_PIN_SET
PG5.Signal=GPIO_Output
PG6.GPIOParameters=PinState,GPIO_Label
PG6.GPIO_Label=CS_A_uP
PG6.Locked=true
PG6.PinState=GPIO_PIN_SET
PG6.Signal=GPIO_Output
PG7.Locked=true
PG7.Mode=I2C
PG7.Signal=I2C4_SCL
PG8.GPIOParameters=GPIO_Label
PG8.GPIO_Label=DEN_uP
PG8.Locked=true
PG8.Signal=GPIO_Output
PG9.GPIOParameters=GPIO_Speed
PG9.GPIO_Speed=GPIO_SPEED_FREQ_LOW
PG9.Locked=true
PG9.Mode=Full_Duplex_Master
PG9.Signal=SPI1_MISO
PH0-OSC_IN(PH0).Mode=HSE-External-Oscillator
PH0-OSC_IN(PH0).Signal=RCC_OSC_IN
PH1-OSC_OUT(PH1).Mode=HSE-External-Oscillator
PH1-OSC_OUT(PH1).Signal=RCC_OSC_OUT
PinOutPanel.RotationAngle=0
ProjectManager.AskForMigrate=true
ProjectManager.BackupPrevious=false
ProjectManager.CompilerLinker=GCC
ProjectManager.CompilerOptimize=6
ProjectManager.ComputerToolchain=false
ProjectManager.CoupleFile=true
ProjectManager.CustomerFirmwarePackage=
ProjectManager.DefaultFWLocation=true
ProjectManager.DeletePrevious=true
ProjectManager.DeviceId=STM32H563ZITx
ProjectManager.FirmwarePackage=STM32Cube FW_H5 V1.5.1
ProjectManager.FreePins=false
ProjectManager.HalAssertFull=false
ProjectManager.HeapSize=0x2000
ProjectManager.KeepUserCode=true
ProjectManager.LastFirmware=true
ProjectManager.LibraryCopy=1
ProjectManager.MainLocation=Core/Src
ProjectManager.NoMain=false
ProjectManager.PreviousToolchain=
ProjectManager.ProjectBuild=false
ProjectManager.ProjectFileName=_prj_STEVAL_MKI109D.ioc
ProjectManager.ProjectName=_prj_STEVAL_MKI109D
ProjectManager.ProjectStructure=
ProjectManager.RegisterCallBack=
ProjectManager.StackSize=0x2000
ProjectManager.TargetToolchain=EWARM V9.20
ProjectManager.ToolChainLocation=
ProjectManager.UAScriptAfterPath=
ProjectManager.UAScriptBeforePath=
ProjectManager.UnderRoot=false
ProjectManager.functionlistsort=1-SystemClock_Config-RCC-false-HAL-false,2-MX_GPIO_Init-GPIO-false-HAL-true,3-MX_GPDMA1_Init-GPDMA1-false-HAL-true,4-MX_DAC1_Init-DAC1-false-HAL-true,5-MX_ICACHE_Init-ICACHE-false-HAL-true,6-MX_USART2_UART_Init-USART2-false-HAL-true,7-MX_SPI1_Init-SPI1-true-HAL-true,8-MX_SAI1_Init-SAI1-true-HAL-true,9-MX_SPI6_Init-SPI6-true-HAL-true,10-MX_I2C4_Init-I2C4-false-HAL-true,11-MX_USB_PCD_Init-USB-true-HAL-true,12-MX_TIM5_Init-TIM5-false-HAL-true,13-MX_TIM2_Init-TIM2-false-HAL-true,14-MX_TIM6_Init-TIM6-false-HAL-true,15-MX_I3C1_Init-I3C1-true-HAL-true,0-MX_CORTEX_M33_NS_Init-CORTEX_M33_NS-false-HAL-true,0-MX_PWR_Init-PWR-false-HAL-true
RCC.ADCFreq_Value=250000000
RCC.AHBFreq_Value=250000000
RCC.APB1Freq_Value=250000000
RCC.APB1TimFreq_Value=250000000
RCC.APB2Freq_Value=250000000
RCC.APB2TimFreq_Value=250000000
RCC.APB3Freq_Value=250000000
RCC.CECFreq_Value=32000
RCC.CKPERFreq_Value=32000000
RCC.CRSFreq_Value=48000000
RCC.CSI_VALUE=4000000
RCC.CortexFreq_Value=250000000
RCC.DACFreq_Value=32768
RCC.EPOD_VALUE=16000000
RCC.ETHFreq_Value=250000000
RCC.FCLKCortexFreq_Value=250000000
RCC.FDCANFreq_Value=16000000
RCC.FamilyName=M
RCC.HCLKFreq_Value=250000000
RCC.HSE_VALUE=16000000
RCC.HSI48_VALUE=48000000
RCC.HSI_VALUE=64000000
RCC.I2C1Freq_Value=250000000
RCC.I2C2Freq_Value=250000000
RCC.I2C3Freq_Value=250000000
RCC.I2C4Freq_Value=250000000
RCC.I3C1Freq_Value=250000000
RCC.IPParameters=ADCFreq_Value,AHBFreq_Value,APB1Freq_Value,APB1TimFreq_Value,APB2Freq_Value,APB2TimFreq_Value,APB3Freq_Value,CECFreq_Value,CKPERFreq_Value,CRSFreq_Value,CSI_VALUE,CortexFreq_Value,DACFreq_Value,EPOD_VALUE,ETHFreq_Value,FCLKCortexFreq_Value,FDCANFreq_Value,FamilyName,HCLKFreq_Value,HSE_VALUE,HSI48_VALUE,HSI_VALUE,I2C1Freq_Value,I2C2Freq_Value,I2C3Freq_Value,I2C4Freq_Value,I3C1Freq_Value,LPTIM1Freq_Value,LPTIM2Freq_Value,LPTIM3Freq_Value,LPTIM4Freq_Value,LPTIM5Freq_Value,LPTIM6Freq_Value,LPUART1Freq_Value,LSCOPinFreq_Value,LSIRC_VALUE,MCO1PinFreq_Value,MCO2PinFreq_Value,OCTOSPIMFreq_Value,PLL2FRACN,PLL2N,PLL2P,PLL2PoutputFreq_Value,PLL2QoutputFreq_Value,PLL2RoutputFreq_Value,PLL3FRACN,PLL3PoutputFreq_Value,PLL3QoutputFreq_Value,PLL3RoutputFreq_Value,PLLFRACN,PLLN,PLLPoutputFreq_Value,PLLQoutputFreq_Value,PLLSourceVirtual,PWRFreq_Value,RNGFreq_Value,SAI1Freq_Value,SAI2Freq_Value,SDMMC1Freq_Value,SDMMC2Freq_Value,SPI1Freq_Value,SPI2Freq_Value,SPI3Freq_Value,SPI4Freq_Value,SPI5Freq_Value,SPI6Freq_Value,SYSCLKFreq_VALUE,SYSCLKSource,UART12Freq_Value,UART4Freq_Value,UART5Freq_Value,UART7Freq_Value,UART8Freq_Value,UART9Freq_Value,UCPD1outputFreq_Value,USART10Freq_Value,USART11Freq_Value,USART1Freq_Value,USART2Freq_Value,USART3Freq_Value,USART6Freq_Value,USBFreq_Value,VCOInput2Freq_Value,VCOInput3Freq_Value,VCOInputFreq_Value,VCOOutputFreq_Value,VCOPLL2OutputFreq_Value,VCOPLL3OutputFreq_Value
RCC.LPTIM1Freq_Value=250000000
RCC.LPTIM2Freq_Value=250000000
RCC.LPTIM3Freq_Value=250000000
RCC.LPTIM4Freq_Value=250000000
RCC.LPTIM5Freq_Value=250000000
RCC.LPTIM6Freq_Value=250000000
RCC.LPUART1Freq_Value=250000000
RCC.LSCOPinFreq_Value=32000
RCC.LSIRC_VALUE=32000
RCC.MCO1PinFreq_Value=32000000
RCC.MCO2PinFreq_Value=250000000
RCC.OCTOSPIMFreq_Value=250000000
RCC.PLL2FRACN=0
RCC.PLL2N=64
RCC.PLL2P=125
RCC.PLL2PoutputFreq_Value=2048000
RCC.PLL2QoutputFreq_Value=128000000
RCC.PLL2RoutputFreq_Value=128000000
RCC.PLL3FRACN=0
RCC.PLL3PoutputFreq_Value=258000000
RCC.PLL3QoutputFreq_Value=258000000
RCC.PLL3RoutputFreq_Value=258000000
RCC.PLLFRACN=2048
RCC.PLLN=31
RCC.PLLPoutputFreq_Value=250000000
RCC.PLLQoutputFreq_Value=250000000
RCC.PLLSourceVirtual=RCC_PLL1_SOURCE_HSE
RCC.PWRFreq_Value=250000000
RCC.RNGFreq_Value=48000000
RCC.SAI1Freq_Value=2048000
RCC.SAI2Freq_Value=2048000
RCC.SDMMC1Freq_Value=250000000
RCC.SDMMC2Freq_Value=250000000
RCC.SPI1Freq_Value=250000000
RCC.SPI2Freq_Value=250000000
RCC.SPI3Freq_Value=250000000
RCC.SPI4Freq_Value=250000000
RCC.SPI5Freq_Value=250000000
RCC.SPI6Freq_Value=250000000
RCC.SYSCLKFreq_VALUE=250000000
RCC.SYSCLKSource=RCC_SYSCLKSOURCE_PLLCLK
RCC.UART12Freq_Value=250000000
RCC.UART4Freq_Value=250000000
RCC.UART5Freq_Value=250000000
RCC.UART7Freq_Value=250000000
RCC.UART8Freq_Value=250000000
RCC.UART9Freq_Value=250000000
RCC.UCPD1outputFreq_Value=8000000
RCC.USART10Freq_Value=250000000
RCC.USART11Freq_Value=250000000
RCC.USART1Freq_Value=250000000
RCC.USART2Freq_Value=250000000
RCC.USART3Freq_Value=250000000
RCC.USART6Freq_Value=250000000
RCC.USBFreq_Value=48000000
RCC.VCOInput2Freq_Value=4000000
RCC.VCOInput3Freq_Value=4000000
RCC.VCOInputFreq_Value=16000000
RCC.VCOOutputFreq_Value=500000000
RCC.VCOPLL2OutputFreq_Value=256000000
RCC.VCOPLL3OutputFreq_Value=516000000
SAI1.AudioFrequency-SAI_B_Master=SAI_AUDIO_FREQUENCY_MCKDIV
SAI1.AudioMode-SAI_B_Master=SAI_MODEMASTER_RX
SAI1.ClockStrobing-SAI_B_Master=SAI_CLOCKSTROBING_RISINGEDGE
SAI1.DataSize-SAI_B_Master=SAI_DATASIZE_16
SAI1.ErrorAudioFreq-SAI_B_Master=0.0 %
SAI1.FSPolarity-SAI_B_Master=SAI_FS_ACTIVE_HIGH
SAI1.FrameLength-SAI_B_Master=256
SAI1.IPParameters=Instance-SAI_B_Master,VirtualMode-SAI_B_Master,MckOutput-SAI_B_Master,RealAudioFreq-SAI_B_Master,ErrorAudioFreq-SAI_B_Master,AudioMode-SAI_B_Master,DataSize-SAI_B_Master,FrameLength-SAI_B_Master,AudioFrequency-SAI_B_Master,NoDivider-SAI_B_Master,FSPolarity-SAI_B_Master,VirtualSlotActive-SAI_B_Master,VirtualSlotActive0-SAI_B_Master,SlotActive-SAI_B_Master,ClockStrobing-SAI_B_Master
SAI1.Instance-SAI_B_Master=SAI$Index_Block_B
SAI1.MckOutput-SAI_B_Master=SAI_MCK_OUTPUT_DISABLE
SAI1.NoDivider-SAI_B_Master=SAI_MASTERDIVIDER_DISABLE
SAI1.RealAudioFreq-SAI_B_Master=0 Hz
SAI1.SlotActive-SAI_B_Master=0x00000001
SAI1.VirtualMode-SAI_B_Master=VM_MASTER
SAI1.VirtualSlotActive-SAI_B_Master=SAI_SLOT_USERSETTING
SAI1.VirtualSlotActive0-SAI_B_Master=true
SH.COMP_DAC11_group.0=DAC1_OUT1,DAC_OUT1
SH.COMP_DAC11_group.ConfNb=1
SH.COMP_DAC12_group.0=DAC1_OUT2,DAC_OUT2
SH.COMP_DAC12_group.ConfNb=1
SH.GPXTI12.0=GPIO_EXTI12
SH.GPXTI12.ConfNb=1
SH.GPXTI13.0=GPIO_EXTI13
SH.GPXTI13.ConfNb=1
SH.GPXTI14.0=GPIO_EXTI14
SH.GPXTI14.ConfNb=1
SH.GPXTI15.0=GPIO_EXTI15
SH.GPXTI15.ConfNb=1
SPI1.BaudRatePrescaler=SPI_BAUDRATEPRESCALER_32
SPI1.CLKPhase=SPI_PHASE_2EDGE
SPI1.CLKPolarity=SPI_POLARITY_HIGH
SPI1.CalculateBaudRate=7.8125 MBits/s
SPI1.DataSize=SPI_DATASIZE_8BIT
SPI1.Direction=SPI_DIRECTION_2LINES
SPI1.IPParameters=VirtualType,Mode,Direction,CalculateBaudRate,DataSize,BaudRatePrescaler,CLKPolarity,CLKPhase
SPI1.Mode=SPI_MODE_MASTER
SPI1.VirtualType=VM_MASTER
SPI6.BaudRatePrescaler=SPI_BAUDRATEPRESCALER_32
SPI6.CLKPhase=SPI_PHASE_2EDGE
SPI6.CLKPolarity=SPI_POLARITY_HIGH
SPI6.CalculateBaudRate=7.8125 MBits/s
SPI6.DataSize=SPI_DATASIZE_8BIT
SPI6.Direction=SPI_DIRECTION_2LINES
SPI6.IPParameters=VirtualType,Mode,Direction,CalculateBaudRate,DataSize,BaudRatePrescaler,CLKPolarity,CLKPhase
SPI6.Mode=SPI_MODE_MASTER
SPI6.VirtualType=VM_MASTER
TIM2.IPParameters=Prescaler
TIM2.Prescaler=249
TIM5.AutoReloadPreload=TIM_AUTORELOAD_PRELOAD_ENABLE
TIM5.IPParameters=AutoReloadPreload,Prescaler
TIM5.Prescaler=249
TIM6.IPParameters=Prescaler
TIM6.Prescaler=249
USART2.BaudRate=921600
USART2.IPParameters=VirtualMode-Asynchronous,BaudRate,MSBFirstParam,SwapParam
USART2.MSBFirstParam=ADVFEATURE_MSBFIRST_DISABLE
USART2.SwapParam=ADVFEATURE_SWAP_ENABLE
USART2.VirtualMode-Asynchronous=VM_ASYNC
USB.IPParameters=VirtualMode
USB.VirtualMode=Device_Only
VP_BOOTPATH_VS_BOOTPATH.Mode=BP_Activate
VP_BOOTPATH_VS_BOOTPATH.Signal=BOOTPATH_VS_BOOTPATH
VP_CORTEX_M33_NS_VS_Hclk.Mode=Hclk_Mode
VP_CORTEX_M33_NS_VS_Hclk.Signal=CORTEX_M33_NS_VS_Hclk
VP_GPDMA1_VS_GPDMACH0.Mode=SIMPLEREQUEST_GPDMACH0
VP_GPDMA1_VS_GPDMACH0.Signal=GPDMA1_VS_GPDMACH0
VP_ICACHE_VS_ICACHE.Mode=DefaultMode
VP_ICACHE_VS_ICACHE.Signal=ICACHE_VS_ICACHE
VP_MEMORYMAP_VS_MEMORYMAP.Mode=CurAppReg
VP_MEMORYMAP_VS_MEMORYMAP.Signal=MEMORYMAP_VS_MEMORYMAP
VP_PWR_VS_DBSignals.Mode=DisableDeadBatterySignals
VP_PWR_VS_DBSignals.Signal=PWR_VS_DBSignals
VP_PWR_VS_LPOM.Mode=PowerOptimisation
VP_PWR_VS_LPOM.Signal=PWR_VS_LPOM
VP_PWR_VS_SECSignals.Mode=Security/Privilege
VP_PWR_VS_SECSignals.Signal=PWR_VS_SECSignals
VP_SYS_VS_Systick.Mode=SysTick
VP_SYS_VS_Systick.Signal=SYS_VS_Systick
VP_TIM2_VS_ClockSourceINT.Mode=Internal
VP_TIM2_VS_ClockSourceINT.Signal=TIM2_VS_ClockSourceINT
VP_TIM5_VS_ClockSourceINT.Mode=Internal
VP_TIM5_VS_ClockSourceINT.Signal=TIM5_VS_ClockSourceINT
VP_TIM6_VS_ClockSourceINT.Mode=Enable_Timer
VP_TIM6_VS_ClockSourceINT.Signal=TIM6_VS_ClockSourceINT
board=custom
